
Microsoft Visual Studio Solution File, Format Version 12.00
Project("{FAE04EC0-301F-11D3-BF4B-00C04F79EFBC}") = "SByte.MvvmCross.Plugins.UserAgent.iOS", "SByte.MvvmCross.Plugins.UserAgent.iOS\SByte.MvvmCross.Plugins.UserAgent.iOS.csproj", "{C1BBF2B1-727D-4BD7-ABD1-3705A3CC1073}"
EndProject
Project("{FAE04EC0-301F-11D3-BF4B-00C04F79EFBC}") = "SByte.MvvmCross.Plugins.UserAgent", "SByte.MvvmCross.Plugins.UserAgent\SByte.MvvmCross.Plugins.UserAgent.csproj", "{70DF014F-9F44-4BF7-B95C-47C80DE77A38}"
EndProject
Project("{FAE04EC0-301F-11D3-BF4B-00C04F79EFBC}") = "SByte.MvvmCross.Plugins.UserAgent.Android", "SByte.MvvmCross.Plugins.UserAgent.Android\SByte.MvvmCross.Plugins.UserAgent.Android.csproj", "{7BF4354C-C124-4B00-B7B4-A34E71A4B5FB}"
EndProject
Global
	GlobalSection(SolutionConfigurationPlatforms) = preSolution
		Debug|Any CPU = Debug|Any CPU
		Release|Any CPU = Release|Any CPU
	EndGlobalSection
	GlobalSection(ProjectConfigurationPlatforms) = postSolution
		{C1BBF2B1-727D-4BD7-ABD1-3705A3CC1073}.Debug|Any CPU.ActiveCfg = Debug|Any CPU
		{C1BBF2B1-727D-4BD7-ABD1-3705A3CC1073}.Debug|Any CPU.Build.0 = Debug|Any CPU
		{C1BBF2B1-727D-4BD7-ABD1-3705A3CC1073}.Release|Any CPU.ActiveCfg = Release|Any CPU
		{C1BBF2B1-727D-4BD7-ABD1-3705A3CC1073}.Release|Any CPU.Build.0 = Release|Any CPU
		{70DF014F-9F44-4BF7-B95C-47C80DE77A38}.Debug|Any CPU.ActiveCfg = Debug|Any CPU
		{70DF014F-9F44-4BF7-B95C-47C80DE77A38}.Debug|Any CPU.Build.0 = Debug|Any CPU
		{70DF014F-9F44-4BF7-B95C-47C80DE77A38}.Release|Any CPU.ActiveCfg = Release|Any CPU
		{70DF014F-9F44-4BF7-B95C-47C80DE77A38}.Release|Any CPU.Build.0 = Release|Any CPU
		{7BF4354C-C124-4B00-B7B4-A34E71A4B5FB}.Debug|Any CPU.ActiveCfg = Debug|Any CPU
		{7BF4354C-C124-4B00-B7B4-A34E71A4B5FB}.Debug|Any CPU.Build.0 = Debug|Any CPU
		{7BF4354C-C124-4B00-B7B4-A34E71A4B5FB}.Release|Any CPU.ActiveCfg = Release|Any CPU
		{7BF4354C-C124-4B00-B7B4-A34E71A4B5FB}.Release|Any CPU.Build.0 = Release|Any CPU
	EndGlobalSection
EndGlobal
